{
  "name": "cli",
  "lockfileVersion": 3,
  "requires": true,
  "packages": {
    "": {
      "dependencies": {
        "lucky-bf-cli": "^0.0.1"
      }
    },
    "node_modules/lucky-bf-cli": {
      "version": "0.0.1",
      "resolved": "https://registry.npmjs.org/lucky-bf-cli/-/lucky-bf-cli-0.0.1.tgz",
      "integrity": "sha512-5Bhtr/2w9aGPvrHAk4P7RcIj7jLpvRBlk1p5x7d6TwRVeA1tDZxTiMCdw/bhvttsCGDsfnrU+JhayM2Y4YwzjQ==",
      "bin": {
        "lucky-cli": "bin/index.js"
      }
    }
  }
}
